// !$*UTF8*$!
{
	archiveVersion = 1;
	classes = {
	};
	objectVersion = 46;
	objects = {

/* Begin PBXBuildFile section */
		0124EAF6166F7CF3007C739C /* UIKit.framework in Frameworks */ = {isa = PBXBuildFile; fileRef = 0124EAF5166F7CF3007C739C /* UIKit.framework */; };
		0124EAF8166F7CF3007C739C /* Foundation.framework in Frameworks */ = {isa = PBXBuildFile; fileRef = 0124EAF7166F7CF3007C739C /* Foundation.framework */; };
		0124EAFA166F7CF3007C739C /* CoreGraphics.framework in Frameworks */ = {isa = PBXBuildFile; fileRef = 0124EAF9166F7CF3007C739C /* CoreGraphics.framework */; };
		0124EB00166F7CF3007C739C /* InfoPlist.strings in Resources */ = {isa = PBXBuildFile; fileRef = 0124EAFE166F7CF3007C739C /* InfoPlist.strings */; };
		0124EB02166F7CF3007C739C /* main.m in Sources */ = {isa = PBXBuildFile; fileRef = 0124EB01166F7CF3007C739C /* main.m */; };
		0124EB06166F7CF3007C739C /* AppDelegate.m in Sources */ = {isa = PBXBuildFile; fileRef = 0124EB05166F7CF3007C739C /* AppDelegate.m */; };
		0124EB08166F7CF3007C739C /* Default.png in Resources */ = {isa = PBXBuildFile; fileRef = 0124EB07166F7CF3007C739C /* Default.png */; };
		0124EB0A166F7CF3007C739C /* Default@2x.png in Resources */ = {isa = PBXBuildFile; fileRef = 0124EB09166F7CF3007C739C /* Default@2x.png */; };
		0124EB0C166F7CF3007C739C /* Default-568h@2x.png in Resources */ = {isa = PBXBuildFile; fileRef = 0124EB0B166F7CF3007C739C /* Default-568h@2x.png */; };
		0124EB1B166F7D09007C739C /* ViewControllerA.m in Sources */ = {isa = PBXBuildFile; fileRef = 0124EB19166F7D09007C739C /* ViewControllerA.m */; };
		0124EB1C166F7D09007C739C /* ViewControllerA.xib in Resources */ = {isa = PBXBuildFile; fileRef = 0124EB1A166F7D09007C739C /* ViewControllerA.xib */; };
		0124EB20166F7D1F007C739C /* ViewControllerB.m in Sources */ = {isa = PBXBuildFile; fileRef = 0124EB1E166F7D1F007C739C /* ViewControllerB.m */; };
		0124EB21166F7D1F007C739C /* ViewControllerB.xib in Resources */ = {isa = PBXBuildFile; fileRef = 0124EB1F166F7D1F007C739C /* ViewControllerB.xib */; };
		0124EB24166F7D31007C739C /* SwitchViewController.m in Sources */ = {isa = PBXBuildFile; fileRef = 0124EB23166F7D31007C739C /* SwitchViewController.m */; };
		018A02E116731A99009C487F /* IMG_6106.m4v in Resources */ = {isa = PBXBuildFile; fileRef = 018A02E016731A99009C487F /* IMG_6106.m4v */; };
		018A02E516731CEF009C487F /* MediaPlayer.framework in Frameworks */ = {isa = PBXBuildFile; fileRef = 018A02E416731CEF009C487F /* MediaPlayer.framework */; };
/* End PBXBuildFile section */

/* Begin PBXFileReference section */
		0124EAF1166F7CF3007C739C /* TestDelegate.app */ = {isa = PBXFileReference; explicitFileType = wrapper.application; includeInIndex = 0; path = TestDelegate.app; sourceTree = BUILT_PRODUCTS_DIR; };
		0124EAF5166F7CF3007C739C /* UIKit.framework */ = {isa = PBXFileReference; lastKnownFileType = wrapper.framework; name = UIKit.framework; path = System/Library/Frameworks/UIKit.framework; sourceTree = SDKROOT; };
		0124EAF7166F7CF3007C739C /* Foundation.framework */ = {isa = PBXFileReference; lastKnownFileType = wrapper.framework; name = Foundation.framework; path = System/Library/Frameworks/Foundation.framework; sourceTree = SDKROOT; };
		0124EAF9166F7CF3007C739C /* CoreGraphics.framework */ = {isa = PBXFileReference; lastKnownFileType = wrapper.framework; name = CoreGraphics.framework; path = System/Library/Frameworks/CoreGraphics.framework; sourceTree = SDKROOT; };
		0124EAFD166F7CF3007C739C /* TestDelegate-Info.plist */ = {isa = PBXFileReference; lastKnownFileType = text.plist.xml; path = "TestDelegate-Info.plist"; sourceTree = "<group>"; };
		0124EAFF166F7CF3007C739C /* en */ = {isa = PBXFileReference; lastKnownFileType = text.plist.strings; name = en; path = en.lproj/InfoPlist.strings; sourceTree = "<group>"; };
		0124EB01166F7CF3007C739C /* main.m */ = {isa = PBXFileReference; lastKnownFileType = sourcecode.c.objc; path = main.m; sourceTree = "<group>"; };
		0124EB03166F7CF3007C739C /* TestDelegate-Prefix.pch */ = {isa = PBXFileReference; lastKnownFileType = sourcecode.c.h; path = "TestDelegate-Prefix.pch"; sourceTree = "<group>"; };
		0124EB04166F7CF3007C739C /* AppDelegate.h */ = {isa = PBXFileReference; lastKnownFileType = sourcecode.c.h; path = AppDelegate.h; sourceTree = "<group>"; };
		0124EB05166F7CF3007C739C /* AppDelegate.m */ = {isa = PBXFileReference; lastKnownFileType = sourcecode.c.objc; path = AppDelegate.m; sourceTree = "<group>"; };
		0124EB07166F7CF3007C739C /* Default.png */ = {isa = PBXFileReference; lastKnownFileType = image.png; path = Default.png; sourceTree = "<group>"; };
		0124EB09166F7CF3007C739C /* Default@2x.png */ = {isa = PBXFileReference; lastKnownFileType = image.png; path = "Default@2x.png"; sourceTree = "<group>"; };
		0124EB0B166F7CF3007C739C /* Default-568h@2x.png */ = {isa = PBXFileReference; lastKnownFileType = image.png; path = "Default-568h@2x.png"; sourceTree = "<group>"; };
		0124EB18166F7D09007C739C /* ViewControllerA.h */ = {isa = PBXFileReference; fileEncoding = 4; lastKnownFileType = sourcecode.c.h; path = ViewControllerA.h; sourceTree = "<group>"; };
		0124EB19166F7D09007C739C /* ViewControllerA.m */ = {isa = PBXFileReference; fileEncoding = 4; lastKnownFileType = sourcecode.c.objc; path = ViewControllerA.m; sourceTree = "<group>"; };
		0124EB1A166F7D09007C739C /* ViewControllerA.xib */ = {isa = PBXFileReference; fileEncoding = 4; lastKnownFileType = file.xib; path = ViewControllerA.xib; sourceTree = "<group>"; };
		0124EB1D166F7D1F007C739C /* ViewControllerB.h */ = {isa = PBXFileReference; fileEncoding = 4; lastKnownFileType = sourcecode.c.h; path = ViewControllerB.h; sourceTree = "<group>"; };
		0124EB1E166F7D1F007C739C /* ViewControllerB.m */ = {isa = PBXFileReference; fileEncoding = 4; lastKnownFileType = sourcecode.c.objc; path = ViewControllerB.m; sourceTree = "<group>"; };
		0124EB1F166F7D1F007C739C /* ViewControllerB.xib */ = {isa = PBXFileReference; fileEncoding = 4; lastKnownFileType = file.xib; path = ViewControllerB.xib; sourceTree = "<group>"; };
		0124EB22166F7D31007C739C /* SwitchViewController.h */ = {isa = PBXFileReference; fileEncoding = 4; lastKnownFileType = sourcecode.c.h; path = SwitchViewController.h; sourceTree = "<group>"; };
		0124EB23166F7D31007C739C /* SwitchViewController.m */ = {isa = PBXFileReference; fileEncoding = 4; lastKnownFileType = sourcecode.c.objc; path = SwitchViewController.m; sourceTree = "<group>"; };
		018A02E016731A99009C487F /* IMG_6106.m4v */ = {isa = PBXFileReference; lastKnownFileType = file; path = IMG_6106.m4v; sourceTree = "<group>"; };
		018A02E216731C89009C487F /* CoreVideo.framework */ = {isa = PBXFileReference; lastKnownFileType = wrapper.framework; name = CoreVideo.framework; path = System/Library/Frameworks/CoreVideo.framework; sourceTree = SDKROOT; };
		018A02E416731CEF009C487F /* MediaPlayer.framework */ = {isa = PBXFileReference; lastKnownFileType = wrapper.framework; name = MediaPlayer.framework; path = System/Library/Frameworks/MediaPlayer.framework; sourceTree = SDKROOT; };
		0190E8771670927C008093CC /* switchProtocal.h */ = {isa = PBXFileReference; lastKnownFileType = sourcecode.c.h; path = switchProtocal.h; sourceTree = "<group>"; };
/* End PBXFileReference section */

/* Begin PBXFrameworksBuildPhase section */
		0124EAEE166F7CF3007C739C /* Frameworks */ = {
			isa = PBXFrameworksBuildPhase;
			buildActionMask = 2147483647;
			files = (
				018A02E516731CEF009C487F /* MediaPlayer.framework in Frameworks */,
				0124EAF6166F7CF3007C739C /* UIKit.framework in Frameworks */,
				0124EAF8166F7CF3007C739C /* Foundation.framework in Frameworks */,
				0124EAFA166F7CF3007C739C /* CoreGraphics.framework in Frameworks */,
			);
			runOnlyForDeploymentPostprocessing = 0;
		};
/* End PBXFrameworksBuildPhase section */

/* Begin PBXGroup section */
		0124EAE6166F7CF3007C739C = {
			isa = PBXGroup;
			children = (
				018A02E416731CEF009C487F /* MediaPlayer.framework */,
				018A02E216731C89009C487F /* CoreVideo.framework */,
				0124EAFB166F7CF3007C739C /* TestDelegate */,
				0124EAF4166F7CF3007C739C /* Frameworks */,
				0124EAF2166F7CF3007C739C /* Products */,
			);
			sourceTree = "<group>";
		};
		0124EAF2166F7CF3007C739C /* Products */ = {
			isa = PBXGroup;
			children = (
				0124EAF1166F7CF3007C739C /* TestDelegate.app */,
			);
			name = Products;
			sourceTree = "<group>";
		};
		0124EAF4166F7CF3007C739C /* Frameworks */ = {
			isa = PBXGroup;
			children = (
				0124EAF5166F7CF3007C739C /* UIKit.framework */,
				0124EAF7166F7CF3007C739C /* Foundation.framework */,
				0124EAF9166F7CF3007C739C /* CoreGraphics.framework */,
			);
			name = Frameworks;
			sourceTree = "<group>";
		};
		0124EAFB166F7CF3007C739C /* TestDelegate */ = {
			isa = PBXGroup;
			children = (
				018A02DE16731A65009C487F /* Resource */,
				0124EB04166F7CF3007C739C /* AppDelegate.h */,
				0124EB05166F7CF3007C739C /* AppDelegate.m */,
				0124EAFC166F7CF3007C739C /* Supporting Files */,
				0124EB18166F7D09007C739C /* ViewControllerA.h */,
				0124EB19166F7D09007C739C /* ViewControllerA.m */,
				0124EB1A166F7D09007C739C /* ViewControllerA.xib */,
				0124EB1D166F7D1F007C739C /* ViewControllerB.h */,
				0124EB1E166F7D1F007C739C /* ViewControllerB.m */,
				0124EB1F166F7D1F007C739C /* ViewControllerB.xib */,
				0124EB22166F7D31007C739C /* SwitchViewController.h */,
				0124EB23166F7D31007C739C /* SwitchViewController.m */,
				0190E8771670927C008093CC /* switchProtocal.h */,
			);
			path = TestDelegate;
			sourceTree = "<group>";
		};
		0124EAFC166F7CF3007C739C /* Supporting Files */ = {
			isa = PBXGroup;
			children = (
				0124EAFD166F7CF3007C739C /* TestDelegate-Info.plist */,
				0124EAFE166F7CF3007C739C /* InfoPlist.strings */,
				0124EB01166F7CF3007C739C /* main.m */,
				0124EB03166F7CF3007C739C /* TestDelegate-Prefix.pch */,
				0124EB07166F7CF3007C739C /* Default.png */,
				0124EB09166F7CF3007C739C /* Default@2x.png */,
				0124EB0B166F7CF3007C739C /* Default-568h@2x.png */,
			);
			name = "Supporting Files";
			sourceTree = "<group>";
		};
		018A02DE16731A65009C487F /* Resource */ = {
			isa = PBXGroup;
			children = (
				018A02E016731A99009C487F /* IMG_6106.m4v */,
			);
			name = Resource;
			sourceTree = "<group>";
		};
/* End PBXGroup section */

/* Begin PBXNativeTarget section */
		0124EAF0166F7CF3007C739C /* TestDelegate */ = {
			isa = PBXNativeTarget;
			buildConfigurationList = 0124EB15166F7CF3007C739C /* Build configuration list for PBXNativeTarget "TestDelegate" */;
			buildPhases = (
				0124EAED166F7CF3007C739C /* Sources */,
				0124EAEE166F7CF3007C739C /* Frameworks */,
				0124EAEF166F7CF3007C739C /* Resources */,
			);
			buildRules = (
			);
			dependencies = (
			);
			name = TestDelegate;
			productName = TestDelegate;
			productReference = 0124EAF1166F7CF3007C739C /* TestDelegate.app */;
			productType = "com.apple.product-type.application";
		};
/* End PBXNativeTarget section */

/* Begin PBXProject section */
		0124EAE8166F7CF3007C739C /* Project object */ = {
			isa = PBXProject;
			attributes = {
				LastUpgradeCheck = 0450;
				ORGANIZATIONNAME = liuwei;
			};
			buildConfigurationList = 0124EAEB166F7CF3007C739C /* Build configuration list for PBXProject "TestDelegate" */;
			compatibilityVersion = "Xcode 3.2";
			developmentRegion = English;
			hasScannedForEncodings = 0;
			knownRegions = (
				en,
			);
			mainGroup = 0124EAE6166F7CF3007C739C;
			productRefGroup = 0124EAF2166F7CF3007C739C /* Products */;
			projectDirPath = "";
			projectRoot = "";
			targets = (
				0124EAF0166F7CF3007C739C /* TestDelegate */,
			);
		};
/* End PBXProject section */

/* Begin PBXResourcesBuildPhase section */
		0124EAEF166F7CF3007C739C /* Resources */ = {
			isa = PBXResourcesBuildPhase;
			buildActionMask = 2147483647;
			files = (
				0124EB00166F7CF3007C739C /* InfoPlist.strings in Resources */,
				0124EB08166F7CF3007C739C /* Default.png in Resources */,
				0124EB0A166F7CF3007C739C /* Default@2x.png in Resources */,
				0124EB0C166F7CF3007C739C /* Default-568h@2x.png in Resources */,
				0124EB1C166F7D09007C739C /* ViewControllerA.xib in Resources */,
				0124EB21166F7D1F007C739C /* ViewControllerB.xib in Resources */,
				018A02E116731A99009C487F /* IMG_6106.m4v in Resources */,
			);
			runOnlyForDeploymentPostprocessing = 0;
		};
/* End PBXResourcesBuildPhase section */

/* Begin PBXSourcesBuildPhase section */
		0124EAED166F7CF3007C739C /* Sources */ = {
			isa = PBXSourcesBuildPhase;
			buildActionMask = 2147483647;
			files = (
				0124EB02166F7CF3007C739C /* main.m in Sources */,
				0124EB06166F7CF3007C739C /* AppDelegate.m in Sources */,
				0124EB1B166F7D09007C739C /* ViewControllerA.m in Sources */,
				0124EB20166F7D1F007C739C /* ViewControllerB.m in Sources */,
				0124EB24166F7D31007C739C /* SwitchViewController.m in Sources */,
			);
			runOnlyForDeploymentPostprocessing = 0;
		};
/* End PBXSourcesBuildPhase section */

/* Begin PBXVariantGroup section */
		0124EAFE166F7CF3007C739C /* InfoPlist.strings */ = {
			isa = PBXVariantGroup;
			children = (
				0124EAFF166F7CF3007C739C /* en */,
			);
			name = InfoPlist.strings;
			sourceTree = "<group>";
		};
/* End PBXVariantGroup section */

/* Begin XCBuildConfiguration section */
		0124EB13166F7CF3007C739C /* Debug */ = {
			isa = XCBuildConfiguration;
			buildSettings = {
				ALWAYS_SEARCH_USER_PATHS = NO;
				CLANG_CXX_LANGUAGE_STANDARD = "gnu++0x";
				CLANG_CXX_LIBRARY = "libc++";
				CLANG_WARN_EMPTY_BODY = YES;
				CLANG_WARN__DUPLICATE_METHOD_MATCH = YES;
				"CODE_SIGN_IDENTITY[sdk=iphoneos*]" = "iPhone Developer";
				COPY_PHASE_STRIP = NO;
				GCC_C_LANGUAGE_STANDARD = gnu99;
				GCC_DYNAMIC_NO_PIC = NO;
				GCC_OPTIMIZATION_LEVEL = 0;
				GCC_PREPROCESSOR_DEFINITIONS = (
					"DEBUG=1",
					"$(inherited)",
				);
				GCC_SYMBOLS_PRIVATE_EXTERN = NO;
				GCC_WARN_ABOUT_RETURN_TYPE = YES;
				GCC_WARN_UNINITIALIZED_AUTOS = YES;
				GCC_WARN_UNUSED_VARIABLE = YES;
				IPHONEOS_DEPLOYMENT_TARGET = 6.0;
				SDKROOT = iphoneos;
			};
			name = Debug;
		};
		0124EB14166F7CF3007C739C /* Release */ = {
			isa = XCBuildConfiguration;
			buildSettings = {
				ALWAYS_SEARCH_USER_PATHS = NO;
				CLANG_CXX_LANGUAGE_STANDARD = "gnu++0x";
				CLANG_CXX_LIBRARY = "libc++";
				CLANG_WARN_EMPTY_BODY = YES;
				CLANG_WARN__DUPLICATE_METHOD_MATCH = YES;
				"CODE_SIGN_IDENTITY[sdk=iphoneos*]" = "iPhone Developer";
				COPY_PHASE_STRIP = YES;
				GCC_C_LANGUAGE_STANDARD = gnu99;
				GCC_WARN_ABOUT_RETURN_TYPE = YES;
				GCC_WARN_UNINITIALIZED_AUTOS = YES;
				GCC_WARN_UNUSED_VARIABLE = YES;
				IPHONEOS_DEPLOYMENT_TARGET = 6.0;
				OTHER_CFLAGS = "-DNS_BLOCK_ASSERTIONS=1";
				SDKROOT = iphoneos;
				VALIDATE_PRODUCT = YES;
			};
			name = Release;
		};
		0124EB16166F7CF3007C739C /* Debug */ = {
			isa = XCBuildConfiguration;
			buildSettings = {
				GCC_PRECOMPILE_PREFIX_HEADER = YES;
				GCC_PREFIX_HEADER = "TestDelegate/TestDelegate-Prefix.pch";
				INFOPLIST_FILE = "TestDelegate/TestDelegate-Info.plist";
				PRODUCT_NAME = "$(TARGET_NAME)";
				WRAPPER_EXTENSION = app;
			};
			name = Debug;
		};
		0124EB17166F7CF3007C739C /* Release */ = {
			isa = XCBuildConfiguration;
			buildSettings = {
				GCC_PRECOMPILE_PREFIX_HEADER = YES;
				GCC_PREFIX_HEADER = "TestDelegate/TestDelegate-Prefix.pch";
				INFOPLIST_FILE = "TestDelegate/TestDelegate-Info.plist";
				PRODUCT_NAME = "$(TARGET_NAME)";
				WRAPPER_EXTENSION = app;
			};
			name = Release;
		};
/* End XCBuildConfiguration section */

/* Begin XCConfigurationList section */
		0124EAEB166F7CF3007C739C /* Build configuration list for PBXProject "TestDelegate" */ = {
			isa = XCConfigurationList;
			buildConfigurations = (
				0124EB13166F7CF3007C739C /* Debug */,
				0124EB14166F7CF3007C739C /* Release */,
			);
			defaultConfigurationIsVisible = 0;
			defaultConfigurationName = Release;
		};
		0124EB15166F7CF3007C739C /* Build configuration list for PBXNativeTarget "TestDelegate" */ = {
			isa = XCConfigurationList;
			buildConfigurations = (
				0124EB16166F7CF3007C739C /* Debug */,
				0124EB17166F7CF3007C739C /* Release */,
			);
			defaultConfigurationIsVisible = 0;
			defaultConfigurationName = Release;
		};
/* End XCConfigurationList section */
	};
	rootObject = 0124EAE8166F7CF3007C739C /* Project object */;
}
